<Solution>

  <Folder Name="/build/">
    <File Path=".editorconfig" />
    <File Path="Directory.Build.props" />
    <File Path="Directory.Packages.props" />
    <File Path="global.json" />
  </Folder>

  <Folder Name="/src/">
    <Project Path="src/Redeclare.Extensions/Redeclare.Extensions.csproj" />
    <Project Path="src/Redeclare/Redeclare.csproj" />
  </Folder>

  <Folder Name="/samples/">
    <File Path="samples/Generator.props" />
    <Project Path="samples/EnumHelpers.Consumer/EnumHelpers.Consumer.csproj" />
    <Project Path="samples/EnumHelpers.Generator/EnumHelpers.Generator.csproj" />
    <Project Path="samples/Implement.Consumer/Implement.Consumer.csproj" />
    <Project Path="samples/Implement.Generator/Implement.Generator.csproj" />
    <Project Path="samples/Notify.Consumer/Notify.Consumer.csproj" />
    <Project Path="samples/Notify.Generator/Notify.Generator.csproj" />
  </Folder>

  <Folder Name="/test/">
    <File Path="test/.editorconfig" />
    <Project Path="test/Redeclare.Samples.Tests/Redeclare.Samples.Tests.csproj" />
    <Project Path="test/Redeclare.Tests/Redeclare.Tests.csproj" />
  </Folder>

</Solution>
